
Microsoft Visual Studio Solution File, Format Version 12.00
# Visual Studio 2012
Project("{FAE04EC0-301F-11D3-BF4B-00C04F79EFBC}") = "front-end", "front-end\front-end.csproj", "{41EC118B-4139-4D85-82B8-478AD8825C33}"
EndProject
Project("{FAE04EC0-301F-11D3-BF4B-00C04F79EFBC}") = "back-end", "back-end\back-end.csproj", "{DA6D2F6D-1435-4AAF-80FD-D3AD217AF9CE}"
EndProject
Project("{FAE04EC0-301F-11D3-BF4B-00C04F79EFBC}") = "datalayer", "datalayer\datalayer.csproj", "{3B263225-8A01-4F0A-A0EC-92CC56E5EFE8}"
EndProject
Global
	GlobalSection(SolutionConfigurationPlatforms) = preSolution
		Debug|Any CPU = Debug|Any CPU
		Release|Any CPU = Release|Any CPU
	EndGlobalSection
	GlobalSection(ProjectConfigurationPlatforms) = postSolution
		{41EC118B-4139-4D85-82B8-478AD8825C33}.Debug|Any CPU.ActiveCfg = Debug|Any CPU
		{41EC118B-4139-4D85-82B8-478AD8825C33}.Debug|Any CPU.Build.0 = Debug|Any CPU
		{41EC118B-4139-4D85-82B8-478AD8825C33}.Release|Any CPU.ActiveCfg = Release|Any CPU
		{41EC118B-4139-4D85-82B8-478AD8825C33}.Release|Any CPU.Build.0 = Release|Any CPU
		{DA6D2F6D-1435-4AAF-80FD-D3AD217AF9CE}.Debug|Any CPU.ActiveCfg = Debug|Any CPU
		{DA6D2F6D-1435-4AAF-80FD-D3AD217AF9CE}.Debug|Any CPU.Build.0 = Debug|Any CPU
		{DA6D2F6D-1435-4AAF-80FD-D3AD217AF9CE}.Release|Any CPU.ActiveCfg = Release|Any CPU
		{DA6D2F6D-1435-4AAF-80FD-D3AD217AF9CE}.Release|Any CPU.Build.0 = Release|Any CPU
		{3B263225-8A01-4F0A-A0EC-92CC56E5EFE8}.Debug|Any CPU.ActiveCfg = Debug|Any CPU
		{3B263225-8A01-4F0A-A0EC-92CC56E5EFE8}.Debug|Any CPU.Build.0 = Debug|Any CPU
		{3B263225-8A01-4F0A-A0EC-92CC56E5EFE8}.Release|Any CPU.ActiveCfg = Release|Any CPU
		{3B263225-8A01-4F0A-A0EC-92CC56E5EFE8}.Release|Any CPU.Build.0 = Release|Any CPU
	EndGlobalSection
	GlobalSection(SolutionProperties) = preSolution
		HideSolutionNode = FALSE
	EndGlobalSection
EndGlobal
